
Microsoft Visual Studio Solution File, Format Version 12.00
# Visual Studio 15
VisualStudioVersion = 15.0.27130.2010
MinimumVisualStudioVersion = 10.0.40219.1
Project("{FAE04EC0-301F-11D3-BF4B-00C04F79EFBC}") = "OAuthDemo", "OAuthDemo\OAuthDemo.csproj", "{47CD5506-1CD9-4B8E-B068-A0FE84030B91}"
EndProject
Global
	GlobalSection(SolutionConfigurationPlatforms) = preSolution
		Debug|Any CPU = Debug|Any CPU
		Release|Any CPU = Release|Any CPU
	EndGlobalSection
	GlobalSection(ProjectConfigurationPlatforms) = postSolution
		{47CD5506-1CD9-4B8E-B068-A0FE84030B91}.Debug|Any CPU.ActiveCfg = Debug|Any CPU
		{47CD5506-1CD9-4B8E-B068-A0FE84030B91}.Debug|Any CPU.Build.0 = Debug|Any CPU
		{47CD5506-1CD9-4B8E-B068-A0FE84030B91}.Release|Any CPU.ActiveCfg = Release|Any CPU
		{47CD5506-1CD9-4B8E-B068-A0FE84030B91}.Release|Any CPU.Build.0 = Release|Any CPU
	EndGlobalSection
	GlobalSection(SolutionProperties) = preSolution
		HideSolutionNode = FALSE
	EndGlobalSection
	GlobalSection(ExtensibilityGlobals) = postSolution
		SolutionGuid = {CB34E01D-D879-40F1-9FAB-80219D626605}
	EndGlobalSection
EndGlobal
